
Microsoft Visual Studio Solution File, Format Version 12.00
# Visual Studio Version 16
VisualStudioVersion = 16.0.808.2
MinimumVisualStudioVersion = 10.0.40219.1
Project("{FAE04EC0-301F-11D3-BF4B-00C04F79EFBC}") = "AwesomeApp.Android", "AwesomeApp.Android\AwesomeApp.Android.csproj", "{5A31E203-F464-4141-89AE-6187A71A1114}"
EndProject
Project("{FAE04EC0-301F-11D3-BF4B-00C04F79EFBC}") = "AwesomeApp.iOS", "AwesomeApp.iOS\AwesomeApp.iOS.csproj", "{22493F2B-0FB6-4986-987A-A67942FEF184}"
EndProject
Project("{9A19103F-16F7-4668-BE54-9A1E7A4F7556}") = "AwesomeApp", "AwesomeApp\AwesomeApp.csproj", "{CFBEB3CC-FBD1-4A18-8FEC-32B0610EF988}"
EndProject
Global
	GlobalSection(SolutionConfigurationPlatforms) = preSolution
		Debug|Any CPU = Debug|Any CPU
		Debug|iPhone = Debug|iPhone
		Debug|iPhoneSimulator = Debug|iPhoneSimulator
		Release|Any CPU = Release|Any CPU
		Release|iPhone = Release|iPhone
		Release|iPhoneSimulator = Release|iPhoneSimulator
	EndGlobalSection
	GlobalSection(ProjectConfigurationPlatforms) = postSolution
		{5A31E203-F464-4141-89AE-6187A71A1114}.Debug|Any CPU.ActiveCfg = Debug|Any CPU
		{5A31E203-F464-4141-89AE-6187A71A1114}.Debug|Any CPU.Build.0 = Debug|Any CPU
		{5A31E203-F464-4141-89AE-6187A71A1114}.Debug|Any CPU.Deploy.0 = Debug|Any CPU
		{5A31E203-F464-4141-89AE-6187A71A1114}.Debug|iPhone.ActiveCfg = Debug|Any CPU
		{5A31E203-F464-4141-89AE-6187A71A1114}.Debug|iPhone.Build.0 = Debug|Any CPU
		{5A31E203-F464-4141-89AE-6187A71A1114}.Debug|iPhoneSimulator.ActiveCfg = Debug|Any CPU
		{5A31E203-F464-4141-89AE-6187A71A1114}.Debug|iPhoneSimulator.Build.0 = Debug|Any CPU
		{5A31E203-F464-4141-89AE-6187A71A1114}.Release|Any CPU.ActiveCfg = Release|Any CPU
		{5A31E203-F464-4141-89AE-6187A71A1114}.Release|Any CPU.Build.0 = Release|Any CPU
		{5A31E203-F464-4141-89AE-6187A71A1114}.Release|iPhone.ActiveCfg = Release|Any CPU
		{5A31E203-F464-4141-89AE-6187A71A1114}.Release|iPhone.Build.0 = Release|Any CPU
		{5A31E203-F464-4141-89AE-6187A71A1114}.Release|iPhoneSimulator.ActiveCfg = Release|Any CPU
		{5A31E203-F464-4141-89AE-6187A71A1114}.Release|iPhoneSimulator.Build.0 = Release|Any CPU
		{22493F2B-0FB6-4986-987A-A67942FEF184}.Debug|Any CPU.ActiveCfg = Debug|iPhoneSimulator
		{22493F2B-0FB6-4986-987A-A67942FEF184}.Debug|Any CPU.Build.0 = Debug|iPhoneSimulator
		{22493F2B-0FB6-4986-987A-A67942FEF184}.Debug|iPhone.ActiveCfg = Debug|iPhone
		{22493F2B-0FB6-4986-987A-A67942FEF184}.Debug|iPhone.Build.0 = Debug|iPhone
		{22493F2B-0FB6-4986-987A-A67942FEF184}.Debug|iPhoneSimulator.ActiveCfg = Debug|iPhoneSimulator
		{22493F2B-0FB6-4986-987A-A67942FEF184}.Debug|iPhoneSimulator.Build.0 = Debug|iPhoneSimulator
		{22493F2B-0FB6-4986-987A-A67942FEF184}.Release|Any CPU.ActiveCfg = Release|iPhoneSimulator
		{22493F2B-0FB6-4986-987A-A67942FEF184}.Release|Any CPU.Build.0 = Release|iPhoneSimulator
		{22493F2B-0FB6-4986-987A-A67942FEF184}.Release|iPhone.ActiveCfg = Release|iPhone
		{22493F2B-0FB6-4986-987A-A67942FEF184}.Release|iPhone.Build.0 = Release|iPhone
		{22493F2B-0FB6-4986-987A-A67942FEF184}.Release|iPhoneSimulator.ActiveCfg = Release|iPhoneSimulator
		{22493F2B-0FB6-4986-987A-A67942FEF184}.Release|iPhoneSimulator.Build.0 = Release|iPhoneSimulator
		{CFBEB3CC-FBD1-4A18-8FEC-32B0610EF988}.Debug|Any CPU.ActiveCfg = Debug|Any CPU
		{CFBEB3CC-FBD1-4A18-8FEC-32B0610EF988}.Debug|Any CPU.Build.0 = Debug|Any CPU
		{CFBEB3CC-FBD1-4A18-8FEC-32B0610EF988}.Debug|iPhone.ActiveCfg = Debug|Any CPU
		{CFBEB3CC-FBD1-4A18-8FEC-32B0610EF988}.Debug|iPhone.Build.0 = Debug|Any CPU
		{CFBEB3CC-FBD1-4A18-8FEC-32B0610EF988}.Debug|iPhoneSimulator.ActiveCfg = Debug|Any CPU
		{CFBEB3CC-FBD1-4A18-8FEC-32B0610EF988}.Debug|iPhoneSimulator.Build.0 = Debug|Any CPU
		{CFBEB3CC-FBD1-4A18-8FEC-32B0610EF988}.Release|Any CPU.ActiveCfg = Release|Any CPU
		{CFBEB3CC-FBD1-4A18-8FEC-32B0610EF988}.Release|Any CPU.Build.0 = Release|Any CPU
		{CFBEB3CC-FBD1-4A18-8FEC-32B0610EF988}.Release|iPhone.ActiveCfg = Release|Any CPU
		{CFBEB3CC-FBD1-4A18-8FEC-32B0610EF988}.Release|iPhone.Build.0 = Release|Any CPU
		{CFBEB3CC-FBD1-4A18-8FEC-32B0610EF988}.Release|iPhoneSimulator.ActiveCfg = Release|Any CPU
		{CFBEB3CC-FBD1-4A18-8FEC-32B0610EF988}.Release|iPhoneSimulator.Build.0 = Release|Any CPU
	EndGlobalSection
	GlobalSection(SolutionProperties) = preSolution
		HideSolutionNode = FALSE
	EndGlobalSection
	GlobalSection(ExtensibilityGlobals) = postSolution
		SolutionGuid = {6A3E5F12-709B-42E3-AD6D-BDE41EEA82BA}
	EndGlobalSection
EndGlobal
